// !$*UTF8*$!
{
	archiveVersion = 1;
	classes = {
	};
	objectVersion = 46;
	objects = {

/* Begin PBXBuildFile section */
		847C39C7220F30A000A493CF /* HTTPMethod.swift in Sources */ = {isa = PBXBuildFile; fileRef = 847C39C6220F30A000A493CF /* HTTPMethod.swift */; };
		847C39C9220F30DA00A493CF /* NetError.swift in Sources */ = {isa = PBXBuildFile; fileRef = 847C39C8220F30DA00A493CF /* NetError.swift */; };
		847C39CB220F312A00A493CF /* NetResponse.swift in Sources */ = {isa = PBXBuildFile; fileRef = 847C39CA220F312A00A493CF /* NetResponse.swift */; };
		847C39CD220F315400A493CF /* Result.swift in Sources */ = {isa = PBXBuildFile; fileRef = 847C39CC220F315400A493CF /* Result.swift */; };
		847C39CF220F31D100A493CF /* TargetType.swift in Sources */ = {isa = PBXBuildFile; fileRef = 847C39CE220F31D100A493CF /* TargetType.swift */; };
		847C39D1220F31F300A493CF /* Target.swift in Sources */ = {isa = PBXBuildFile; fileRef = 847C39D0220F31F300A493CF /* Target.swift */; };
		847C39D3220F321C00A493CF /* NetRequest.swift in Sources */ = {isa = PBXBuildFile; fileRef = 847C39D2220F321C00A493CF /* NetRequest.swift */; };
		847C39D6220F32EE00A493CF /* Data+Decodable.swift in Sources */ = {isa = PBXBuildFile; fileRef = 847C39D5220F32EE00A493CF /* Data+Decodable.swift */; };
		847C39D8220F335B00A493CF /* String+NetRequestType.swift in Sources */ = {isa = PBXBuildFile; fileRef = 847C39D7220F335B00A493CF /* String+NetRequestType.swift */; };
		847C39DA220F338C00A493CF /* String+TargetType.swift in Sources */ = {isa = PBXBuildFile; fileRef = 847C39D9220F338C00A493CF /* String+TargetType.swift */; };
		847C39DC220F33A800A493CF /* URL+NetRequestType.swift in Sources */ = {isa = PBXBuildFile; fileRef = 847C39DB220F33A800A493CF /* URL+NetRequestType.swift */; };
		847C39DE220F33C100A493CF /* URL+TargetType.swift in Sources */ = {isa = PBXBuildFile; fileRef = 847C39DD220F33C100A493CF /* URL+TargetType.swift */; };
		849EC45F220F2C9E00DEA080 /* NetTests.swift in Sources */ = {isa = PBXBuildFile; fileRef = 849EC45E220F2C9E00DEA080 /* NetTests.swift */; };
		849EC462220F2D6500DEA080 /* Net.swift in Sources */ = {isa = PBXBuildFile; fileRef = 849EC460220F2CF900DEA080 /* Net.swift */; };
		OBJ_39 /* Net.framework in Frameworks */ = {isa = PBXBuildFile; fileRef = "Net::Net::Product" /* Net.framework */; };
/* End PBXBuildFile section */

/* Begin PBXContainerItemProxy section */
		849EC459220F2AD000DEA080 /* PBXContainerItemProxy */ = {
			isa = PBXContainerItemProxy;
			containerPortal = OBJ_1 /* Project object */;
			proxyType = 1;
			remoteGlobalIDString = "Net::Net";
			remoteInfo = Net;
		};
/* End PBXContainerItemProxy section */

/* Begin PBXFileReference section */
		847C39C6220F30A000A493CF /* HTTPMethod.swift */ = {isa = PBXFileReference; lastKnownFileType = sourcecode.swift; path = HTTPMethod.swift; sourceTree = "<group>"; };
		847C39C8220F30DA00A493CF /* NetError.swift */ = {isa = PBXFileReference; lastKnownFileType = sourcecode.swift; path = NetError.swift; sourceTree = "<group>"; };
		847C39CA220F312A00A493CF /* NetResponse.swift */ = {isa = PBXFileReference; lastKnownFileType = sourcecode.swift; path = NetResponse.swift; sourceTree = "<group>"; };
		847C39CC220F315400A493CF /* Result.swift */ = {isa = PBXFileReference; lastKnownFileType = sourcecode.swift; path = Result.swift; sourceTree = "<group>"; };
		847C39CE220F31D100A493CF /* TargetType.swift */ = {isa = PBXFileReference; lastKnownFileType = sourcecode.swift; path = TargetType.swift; sourceTree = "<group>"; };
		847C39D0220F31F300A493CF /* Target.swift */ = {isa = PBXFileReference; lastKnownFileType = sourcecode.swift; path = Target.swift; sourceTree = "<group>"; };
		847C39D2220F321C00A493CF /* NetRequest.swift */ = {isa = PBXFileReference; lastKnownFileType = sourcecode.swift; path = NetRequest.swift; sourceTree = "<group>"; };
		847C39D5220F32EE00A493CF /* Data+Decodable.swift */ = {isa = PBXFileReference; lastKnownFileType = sourcecode.swift; path = "Data+Decodable.swift"; sourceTree = "<group>"; };
		847C39D7220F335B00A493CF /* String+NetRequestType.swift */ = {isa = PBXFileReference; lastKnownFileType = sourcecode.swift; path = "String+NetRequestType.swift"; sourceTree = "<group>"; };
		847C39D9220F338C00A493CF /* String+TargetType.swift */ = {isa = PBXFileReference; lastKnownFileType = sourcecode.swift; path = "String+TargetType.swift"; sourceTree = "<group>"; };
		847C39DB220F33A800A493CF /* URL+NetRequestType.swift */ = {isa = PBXFileReference; lastKnownFileType = sourcecode.swift; path = "URL+NetRequestType.swift"; sourceTree = "<group>"; };
		847C39DD220F33C100A493CF /* URL+TargetType.swift */ = {isa = PBXFileReference; lastKnownFileType = sourcecode.swift; path = "URL+TargetType.swift"; sourceTree = "<group>"; };
		849EC45B220F2B9100DEA080 /* Info.plist */ = {isa = PBXFileReference; fileEncoding = 4; lastKnownFileType = text.plist.xml; path = Info.plist; sourceTree = "<group>"; };
		849EC45C220F2BA200DEA080 /* Net.h */ = {isa = PBXFileReference; fileEncoding = 4; lastKnownFileType = sourcecode.c.h; path = Net.h; sourceTree = "<group>"; };
		849EC45D220F2BBF00DEA080 /* Info.plist */ = {isa = PBXFileReference; fileEncoding = 4; lastKnownFileType = text.plist.xml; path = Info.plist; sourceTree = "<group>"; };
		849EC45E220F2C9E00DEA080 /* NetTests.swift */ = {isa = PBXFileReference; lastKnownFileType = sourcecode.swift; path = NetTests.swift; sourceTree = "<group>"; };
		849EC460220F2CF900DEA080 /* Net.swift */ = {isa = PBXFileReference; lastKnownFileType = sourcecode.swift; path = Net.swift; sourceTree = "<group>"; };
		"Net::Net::Product" /* Net.framework */ = {isa = PBXFileReference; explicitFileType = wrapper.framework; path = Net.framework; sourceTree = BUILT_PRODUCTS_DIR; };
		"Net::NetTests::Product" /* NetTests.xctest */ = {isa = PBXFileReference; explicitFileType = wrapper.cfbundle; path = NetTests.xctest; sourceTree = BUILT_PRODUCTS_DIR; };
		OBJ_6 /* Package.swift */ = {isa = PBXFileReference; explicitFileType = sourcecode.swift; path = Package.swift; sourceTree = "<group>"; };
/* End PBXFileReference section */

/* Begin PBXFrameworksBuildPhase section */
		OBJ_20 /* Frameworks */ = {
			isa = PBXFrameworksBuildPhase;
			buildActionMask = 0;
			files = (
			);
			runOnlyForDeploymentPostprocessing = 0;
		};
		OBJ_38 /* Frameworks */ = {
			isa = PBXFrameworksBuildPhase;
			buildActionMask = 0;
			files = (
				OBJ_39 /* Net.framework in Frameworks */,
			);
			runOnlyForDeploymentPostprocessing = 0;
		};
/* End PBXFrameworksBuildPhase section */

/* Begin PBXGroup section */
		847C39D4220F32B500A493CF /* Extensions */ = {
			isa = PBXGroup;
			children = (
				847C39D5220F32EE00A493CF /* Data+Decodable.swift */,
				847C39D7220F335B00A493CF /* String+NetRequestType.swift */,
				847C39D9220F338C00A493CF /* String+TargetType.swift */,
				847C39DB220F33A800A493CF /* URL+NetRequestType.swift */,
				847C39DD220F33C100A493CF /* URL+TargetType.swift */,
			);
			path = Extensions;
			sourceTree = "<group>";
		};
		OBJ_11 /* Products */ = {
			isa = PBXGroup;
			children = (
				"Net::Net::Product" /* Net.framework */,
				"Net::NetTests::Product" /* NetTests.xctest */,
			);
			name = Products;
			sourceTree = BUILT_PRODUCTS_DIR;
		};
		OBJ_5 = {
			isa = PBXGroup;
			children = (
				OBJ_6 /* Package.swift */,
				OBJ_7 /* Sources */,
				OBJ_9 /* Tests */,
				OBJ_11 /* Products */,
			);
			sourceTree = "<group>";
		};
		OBJ_7 /* Sources */ = {
			isa = PBXGroup;
			children = (
				847C39D4220F32B500A493CF /* Extensions */,
				847C39C6220F30A000A493CF /* HTTPMethod.swift */,
				849EC45B220F2B9100DEA080 /* Info.plist */,
				849EC45C220F2BA200DEA080 /* Net.h */,
				849EC460220F2CF900DEA080 /* Net.swift */,
				847C39C8220F30DA00A493CF /* NetError.swift */,
				847C39D2220F321C00A493CF /* NetRequest.swift */,
				847C39CA220F312A00A493CF /* NetResponse.swift */,
				847C39CC220F315400A493CF /* Result.swift */,
				847C39D0220F31F300A493CF /* Target.swift */,
				847C39CE220F31D100A493CF /* TargetType.swift */,
			);
			path = Sources;
			sourceTree = SOURCE_ROOT;
		};
		OBJ_9 /* Tests */ = {
			isa = PBXGroup;
			children = (
				849EC45D220F2BBF00DEA080 /* Info.plist */,
				849EC45E220F2C9E00DEA080 /* NetTests.swift */,
			);
			path = Tests;
			sourceTree = SOURCE_ROOT;
		};
/* End PBXGroup section */

/* Begin PBXNativeTarget section */
		"Net::Net" /* Net */ = {
			isa = PBXNativeTarget;
			buildConfigurationList = OBJ_15 /* Build configuration list for PBXNativeTarget "Net" */;
			buildPhases = (
				OBJ_18 /* Sources */,
				OBJ_20 /* Frameworks */,
			);
			buildRules = (
			);
			dependencies = (
			);
			name = Net;
			productName = Net;
			productReference = "Net::Net::Product" /* Net.framework */;
			productType = "com.apple.product-type.framework";
		};
		"Net::NetTests" /* NetTests */ = {
			isa = PBXNativeTarget;
			buildConfigurationList = OBJ_33 /* Build configuration list for PBXNativeTarget "NetTests" */;
			buildPhases = (
				OBJ_36 /* Sources */,
				OBJ_38 /* Frameworks */,
			);
			buildRules = (
			);
			dependencies = (
				OBJ_40 /* PBXTargetDependency */,
			);
			name = NetTests;
			productName = NetTests;
			productReference = "Net::NetTests::Product" /* NetTests.xctest */;
			productType = "com.apple.product-type.bundle.unit-test";
		};
/* End PBXNativeTarget section */

/* Begin PBXProject section */
		OBJ_1 /* Project object */ = {
			isa = PBXProject;
			attributes = {
				LastUpgradeCheck = 9999;
				TargetAttributes = {
					"Net::NetTests" = {
						LastSwiftMigration = 1010;
					};
				};
			};
			buildConfigurationList = OBJ_2 /* Build configuration list for PBXProject "Net" */;
			compatibilityVersion = "Xcode 3.2";
			developmentRegion = English;
			hasScannedForEncodings = 0;
			knownRegions = (
				en,
			);
			mainGroup = OBJ_5;
			productRefGroup = OBJ_11 /* Products */;
			projectDirPath = "";
			projectRoot = "";
			targets = (
				"Net::Net" /* Net */,
				"Net::NetTests" /* NetTests */,
			);
		};
/* End PBXProject section */

/* Begin PBXSourcesBuildPhase section */
		OBJ_18 /* Sources */ = {
			isa = PBXSourcesBuildPhase;
			buildActionMask = 0;
			files = (
				847C39CF220F31D100A493CF /* TargetType.swift in Sources */,
				847C39D6220F32EE00A493CF /* Data+Decodable.swift in Sources */,
				847C39D8220F335B00A493CF /* String+NetRequestType.swift in Sources */,
				847C39DC220F33A800A493CF /* URL+NetRequestType.swift in Sources */,
				847C39C9220F30DA00A493CF /* NetError.swift in Sources */,
				847C39D1220F31F300A493CF /* Target.swift in Sources */,
				847C39D3220F321C00A493CF /* NetRequest.swift in Sources */,
				847C39DE220F33C100A493CF /* URL+TargetType.swift in Sources */,
				847C39CD220F315400A493CF /* Result.swift in Sources */,
				847C39C7220F30A000A493CF /* HTTPMethod.swift in Sources */,
				847C39CB220F312A00A493CF /* NetResponse.swift in Sources */,
				847C39DA220F338C00A493CF /* String+TargetType.swift in Sources */,
				849EC462220F2D6500DEA080 /* Net.swift in Sources */,
			);
			runOnlyForDeploymentPostprocessing = 0;
		};
		OBJ_36 /* Sources */ = {
			isa = PBXSourcesBuildPhase;
			buildActionMask = 0;
			files = (
				849EC45F220F2C9E00DEA080 /* NetTests.swift in Sources */,
			);
			runOnlyForDeploymentPostprocessing = 0;
		};
/* End PBXSourcesBuildPhase section */

/* Begin PBXTargetDependency section */
		OBJ_40 /* PBXTargetDependency */ = {
			isa = PBXTargetDependency;
			target = "Net::Net" /* Net */;
			targetProxy = 849EC459220F2AD000DEA080 /* PBXContainerItemProxy */;
		};
/* End PBXTargetDependency section */

/* Begin XCBuildConfiguration section */
		OBJ_16 /* Debug */ = {
			isa = XCBuildConfiguration;
			buildSettings = {
				ENABLE_TESTABILITY = YES;
				FRAMEWORK_SEARCH_PATHS = (
					"$(inherited)",
					"$(PLATFORM_DIR)/Developer/Library/Frameworks",
				);
				HEADER_SEARCH_PATHS = "$(inherited)";
				INFOPLIST_FILE = Sources/Info.plist;
				LD_RUNPATH_SEARCH_PATHS = "$(inherited) $(TOOLCHAIN_DIR)/usr/lib/swift/macosx";
				OTHER_CFLAGS = "$(inherited)";
				OTHER_LDFLAGS = "$(inherited)";
				OTHER_SWIFT_FLAGS = "$(inherited)";
				PRODUCT_BUNDLE_IDENTIFIER = com.difomiry.Net;
				PRODUCT_MODULE_NAME = "$(TARGET_NAME:c99extidentifier)";
				PRODUCT_NAME = "$(TARGET_NAME:c99extidentifier)";
				SKIP_INSTALL = YES;
				SWIFT_ACTIVE_COMPILATION_CONDITIONS = "$(inherited)";
				SWIFT_VERSION = 4.2;
				TARGET_NAME = Net;
			};
			name = Debug;
		};
		OBJ_17 /* Release */ = {
			isa = XCBuildConfiguration;
			buildSettings = {
				ENABLE_TESTABILITY = YES;
				FRAMEWORK_SEARCH_PATHS = (
					"$(inherited)",
					"$(PLATFORM_DIR)/Developer/Library/Frameworks",
				);
				HEADER_SEARCH_PATHS = "$(inherited)";
				INFOPLIST_FILE = Sources/Info.plist;
				LD_RUNPATH_SEARCH_PATHS = "$(inherited) $(TOOLCHAIN_DIR)/usr/lib/swift/macosx";
				OTHER_CFLAGS = "$(inherited)";
				OTHER_LDFLAGS = "$(inherited)";
				OTHER_SWIFT_FLAGS = "$(inherited)";
				PRODUCT_BUNDLE_IDENTIFIER = com.difomiry.Net;
				PRODUCT_MODULE_NAME = "$(TARGET_NAME:c99extidentifier)";
				PRODUCT_NAME = "$(TARGET_NAME:c99extidentifier)";
				SKIP_INSTALL = YES;
				SWIFT_ACTIVE_COMPILATION_CONDITIONS = "$(inherited)";
				SWIFT_VERSION = 4.2;
				TARGET_NAME = Net;
			};
			name = Release;
		};
		OBJ_3 /* Debug */ = {
			isa = XCBuildConfiguration;
			buildSettings = {
				CLANG_ENABLE_OBJC_ARC = YES;
				COMBINE_HIDPI_IMAGES = YES;
				COPY_PHASE_STRIP = NO;
				DEBUG_INFORMATION_FORMAT = dwarf;
				DYLIB_INSTALL_NAME_BASE = "@rpath";
				ENABLE_NS_ASSERTIONS = YES;
				GCC_OPTIMIZATION_LEVEL = 0;
				GCC_PREPROCESSOR_DEFINITIONS = (
					"DEBUG=1",
					"$(inherited)",
				);
				MACOSX_DEPLOYMENT_TARGET = 10.10;
				ONLY_ACTIVE_ARCH = YES;
				OTHER_SWIFT_FLAGS = "-DXcode";
				PRODUCT_NAME = "$(TARGET_NAME)";
				SDKROOT = macosx;
				SUPPORTED_PLATFORMS = "macosx iphoneos iphonesimulator appletvos appletvsimulator watchos watchsimulator";
				SWIFT_ACTIVE_COMPILATION_CONDITIONS = "SWIFT_PACKAGE DEBUG";
				SWIFT_OPTIMIZATION_LEVEL = "-Onone";
				USE_HEADERMAP = NO;
			};
			name = Debug;
		};
		OBJ_34 /* Debug */ = {
			isa = XCBuildConfiguration;
			buildSettings = {
				ALWAYS_EMBED_SWIFT_STANDARD_LIBRARIES = YES;
				CLANG_ENABLE_MODULES = YES;
				EMBEDDED_CONTENT_CONTAINS_SWIFT = YES;
				FRAMEWORK_SEARCH_PATHS = (
					"$(inherited)",
					"$(PLATFORM_DIR)/Developer/Library/Frameworks",
				);
				HEADER_SEARCH_PATHS = "$(inherited)";
				INFOPLIST_FILE = Tests/Info.plist;
				LD_RUNPATH_SEARCH_PATHS = "$(inherited) @loader_path/../Frameworks @loader_path/Frameworks";
				OTHER_CFLAGS = "$(inherited)";
				OTHER_LDFLAGS = "$(inherited)";
				OTHER_SWIFT_FLAGS = "$(inherited)";
				SWIFT_ACTIVE_COMPILATION_CONDITIONS = "$(inherited)";
				SWIFT_OPTIMIZATION_LEVEL = "-Onone";
				SWIFT_VERSION = 4.2;
				TARGET_NAME = NetTests;
			};
			name = Debug;
		};
		OBJ_35 /* Release */ = {
			isa = XCBuildConfiguration;
			buildSettings = {
				ALWAYS_EMBED_SWIFT_STANDARD_LIBRARIES = YES;
				CLANG_ENABLE_MODULES = YES;
				EMBEDDED_CONTENT_CONTAINS_SWIFT = YES;
				FRAMEWORK_SEARCH_PATHS = (
					"$(inherited)",
					"$(PLATFORM_DIR)/Developer/Library/Frameworks",
				);
				HEADER_SEARCH_PATHS = "$(inherited)";
				INFOPLIST_FILE = Tests/Info.plist;
				LD_RUNPATH_SEARCH_PATHS = "$(inherited) @loader_path/../Frameworks @loader_path/Frameworks";
				OTHER_CFLAGS = "$(inherited)";
				OTHER_LDFLAGS = "$(inherited)";
				OTHER_SWIFT_FLAGS = "$(inherited)";
				SWIFT_ACTIVE_COMPILATION_CONDITIONS = "$(inherited)";
				SWIFT_VERSION = 4.2;
				TARGET_NAME = NetTests;
			};
			name = Release;
		};
		OBJ_4 /* Release */ = {
			isa = XCBuildConfiguration;
			buildSettings = {
				CLANG_ENABLE_OBJC_ARC = YES;
				COMBINE_HIDPI_IMAGES = YES;
				COPY_PHASE_STRIP = YES;
				DEBUG_INFORMATION_FORMAT = "dwarf-with-dsym";
				DYLIB_INSTALL_NAME_BASE = "@rpath";
				GCC_OPTIMIZATION_LEVEL = s;
				MACOSX_DEPLOYMENT_TARGET = 10.10;
				OTHER_SWIFT_FLAGS = "-DXcode";
				PRODUCT_NAME = "$(TARGET_NAME)";
				SDKROOT = macosx;
				SUPPORTED_PLATFORMS = "macosx iphoneos iphonesimulator appletvos appletvsimulator watchos watchsimulator";
				SWIFT_ACTIVE_COMPILATION_CONDITIONS = SWIFT_PACKAGE;
				SWIFT_OPTIMIZATION_LEVEL = "-Owholemodule";
				USE_HEADERMAP = NO;
			};
			name = Release;
		};
/* End XCBuildConfiguration section */

/* Begin XCConfigurationList section */
		OBJ_15 /* Build configuration list for PBXNativeTarget "Net" */ = {
			isa = XCConfigurationList;
			buildConfigurations = (
				OBJ_16 /* Debug */,
				OBJ_17 /* Release */,
			);
			defaultConfigurationIsVisible = 0;
			defaultConfigurationName = Release;
		};
		OBJ_2 /* Build configuration list for PBXProject "Net" */ = {
			isa = XCConfigurationList;
			buildConfigurations = (
				OBJ_3 /* Debug */,
				OBJ_4 /* Release */,
			);
			defaultConfigurationIsVisible = 0;
			defaultConfigurationName = Release;
		};
		OBJ_33 /* Build configuration list for PBXNativeTarget "NetTests" */ = {
			isa = XCConfigurationList;
			buildConfigurations = (
				OBJ_34 /* Debug */,
				OBJ_35 /* Release */,
			);
			defaultConfigurationIsVisible = 0;
			defaultConfigurationName = Release;
		};
/* End XCConfigurationList section */
	};
	rootObject = OBJ_1 /* Project object */;
}
